
Microsoft Visual Studio Solution File, Format Version 12.00
# Visual Studio Version 17
VisualStudioVersion = 17.0.31903.59
MinimumVisualStudioVersion = 10.0.40219.1
Project("{2150E333-8FDC-42A3-9474-1A3956D46DE8}") = "main", "main", "{9CBAF15C-0174-4B0B-92A9-3D91C0D65C32}"
EndProject
Project("{FAE04EC0-301F-11D3-BF4B-00C04F79EFBC}") = "Flare.Api", "main\Flare.Api\Flare.Api.csproj", "{A79D7E2A-6C1B-4317-A1AC-99AB00CBB827}"
EndProject
Global
	GlobalSection(SolutionConfigurationPlatforms) = preSolution
		Debug|Any CPU = Debug|Any CPU
		Release|Any CPU = Release|Any CPU
	EndGlobalSection
	GlobalSection(SolutionProperties) = preSolution
		HideSolutionNode = FALSE
	EndGlobalSection
	GlobalSection(ProjectConfigurationPlatforms) = postSolution
		{A79D7E2A-6C1B-4317-A1AC-99AB00CBB827}.Debug|Any CPU.ActiveCfg = Debug|Any CPU
		{A79D7E2A-6C1B-4317-A1AC-99AB00CBB827}.Debug|Any CPU.Build.0 = Debug|Any CPU
		{A79D7E2A-6C1B-4317-A1AC-99AB00CBB827}.Release|Any CPU.ActiveCfg = Release|Any CPU
		{A79D7E2A-6C1B-4317-A1AC-99AB00CBB827}.Release|Any CPU.Build.0 = Release|Any CPU
	EndGlobalSection
	GlobalSection(NestedProjects) = preSolution
		{A79D7E2A-6C1B-4317-A1AC-99AB00CBB827} = {9CBAF15C-0174-4B0B-92A9-3D91C0D65C32}
	EndGlobalSection
EndGlobal
